// !$*UTF8*$!
{
	archiveVersion = 1;
	classes = {
	};
	objectVersion = 50;
	objects = {

/* Begin PBXBuildFile section */
		7365177B21D70B7200A023C8 /* AppDelegate.swift in Sources */ = {isa = PBXBuildFile; fileRef = 7365177A21D70B7200A023C8 /* AppDelegate.swift */; };
		7365178221D70B7300A023C8 /* Assets.xcassets in Resources */ = {isa = PBXBuildFile; fileRef = 7365178121D70B7300A023C8 /* Assets.xcassets */; };
		7365178521D70B7300A023C8 /* LaunchScreen.storyboard in Resources */ = {isa = PBXBuildFile; fileRef = 7365178321D70B7300A023C8 /* LaunchScreen.storyboard */; };
		7365179021D70B7300A023C8 /* HealthAppTests.swift in Sources */ = {isa = PBXBuildFile; fileRef = 7365178F21D70B7300A023C8 /* HealthAppTests.swift */; };
		7365179B21D70E6E00A023C8 /* Utilities.swift in Sources */ = {isa = PBXBuildFile; fileRef = 7365179A21D70E6E00A023C8 /* Utilities.swift */; };
		7365179D21D7118500A023C8 /* IDETemplateMacros.plist in Resources */ = {isa = PBXBuildFile; fileRef = 7365179C21D7118500A023C8 /* IDETemplateMacros.plist */; };
		736517A521D71DE300A023C8 /* Constants.swift in Sources */ = {isa = PBXBuildFile; fileRef = 736517A421D71DE300A023C8 /* Constants.swift */; };
		736517AB21D71EC400A023C8 /* NetworkManager.swift in Sources */ = {isa = PBXBuildFile; fileRef = 736517AA21D71EC400A023C8 /* NetworkManager.swift */; };
		736517AD21D71ECF00A023C8 /* FirebaseManager.swift in Sources */ = {isa = PBXBuildFile; fileRef = 736517AC21D71ECF00A023C8 /* FirebaseManager.swift */; };
		736517AF21D71EE300A023C8 /* SessionManager.swift in Sources */ = {isa = PBXBuildFile; fileRef = 736517AE21D71EE300A023C8 /* SessionManager.swift */; };
		736517B121D71EEE00A023C8 /* AnalyticsManager.swift in Sources */ = {isa = PBXBuildFile; fileRef = 736517B021D71EEE00A023C8 /* AnalyticsManager.swift */; };
		736517B321D71EF700A023C8 /* NotificationsManager.swift in Sources */ = {isa = PBXBuildFile; fileRef = 736517B221D71EF700A023C8 /* NotificationsManager.swift */; };
		736517B521D71F8C00A023C8 /* Splash.storyboard in Resources */ = {isa = PBXBuildFile; fileRef = 736517B421D71F8C00A023C8 /* Splash.storyboard */; };
/* End PBXBuildFile section */

/* Begin PBXContainerItemProxy section */
		7365178C21D70B7300A023C8 /* PBXContainerItemProxy */ = {
			isa = PBXContainerItemProxy;
			containerPortal = 7365176F21D70B7200A023C8 /* Project object */;
			proxyType = 1;
			remoteGlobalIDString = 7365177621D70B7200A023C8;
			remoteInfo = HealthApp;
		};
/* End PBXContainerItemProxy section */

/* Begin PBXFileReference section */
		7365177721D70B7200A023C8 /* HealthApp.app */ = {isa = PBXFileReference; explicitFileType = wrapper.application; includeInIndex = 0; path = HealthApp.app; sourceTree = BUILT_PRODUCTS_DIR; };
		7365177A21D70B7200A023C8 /* AppDelegate.swift */ = {isa = PBXFileReference; lastKnownFileType = sourcecode.swift; path = AppDelegate.swift; sourceTree = "<group>"; };
		7365178121D70B7300A023C8 /* Assets.xcassets */ = {isa = PBXFileReference; lastKnownFileType = folder.assetcatalog; path = Assets.xcassets; sourceTree = "<group>"; };
		7365178421D70B7300A023C8 /* Base */ = {isa = PBXFileReference; lastKnownFileType = file.storyboard; name = Base; path = Base.lproj/LaunchScreen.storyboard; sourceTree = "<group>"; };
		7365178621D70B7300A023C8 /* Info.plist */ = {isa = PBXFileReference; lastKnownFileType = text.plist.xml; path = Info.plist; sourceTree = "<group>"; };
		7365178B21D70B7300A023C8 /* HealthAppTests.xctest */ = {isa = PBXFileReference; explicitFileType = wrapper.cfbundle; includeInIndex = 0; path = HealthAppTests.xctest; sourceTree = BUILT_PRODUCTS_DIR; };
		7365178F21D70B7300A023C8 /* HealthAppTests.swift */ = {isa = PBXFileReference; lastKnownFileType = sourcecode.swift; path = HealthAppTests.swift; sourceTree = "<group>"; };
		7365179121D70B7300A023C8 /* Info.plist */ = {isa = PBXFileReference; lastKnownFileType = text.plist.xml; path = Info.plist; sourceTree = "<group>"; };
		7365179A21D70E6E00A023C8 /* Utilities.swift */ = {isa = PBXFileReference; lastKnownFileType = sourcecode.swift; path = Utilities.swift; sourceTree = "<group>"; };
		7365179C21D7118500A023C8 /* IDETemplateMacros.plist */ = {isa = PBXFileReference; lastKnownFileType = text.plist.xml; path = IDETemplateMacros.plist; sourceTree = "<group>"; };
		736517A421D71DE300A023C8 /* Constants.swift */ = {isa = PBXFileReference; lastKnownFileType = sourcecode.swift; path = Constants.swift; sourceTree = "<group>"; };
		736517AA21D71EC400A023C8 /* NetworkManager.swift */ = {isa = PBXFileReference; lastKnownFileType = sourcecode.swift; path = NetworkManager.swift; sourceTree = "<group>"; };
		736517AC21D71ECF00A023C8 /* FirebaseManager.swift */ = {isa = PBXFileReference; lastKnownFileType = sourcecode.swift; path = FirebaseManager.swift; sourceTree = "<group>"; };
		736517AE21D71EE300A023C8 /* SessionManager.swift */ = {isa = PBXFileReference; lastKnownFileType = sourcecode.swift; path = SessionManager.swift; sourceTree = "<group>"; };
		736517B021D71EEE00A023C8 /* AnalyticsManager.swift */ = {isa = PBXFileReference; lastKnownFileType = sourcecode.swift; path = AnalyticsManager.swift; sourceTree = "<group>"; };
		736517B221D71EF700A023C8 /* NotificationsManager.swift */ = {isa = PBXFileReference; lastKnownFileType = sourcecode.swift; path = NotificationsManager.swift; sourceTree = "<group>"; };
		736517B421D71F8C00A023C8 /* Splash.storyboard */ = {isa = PBXFileReference; lastKnownFileType = file.storyboard; path = Splash.storyboard; sourceTree = "<group>"; };
/* End PBXFileReference section */

/* Begin PBXFrameworksBuildPhase section */
		7365177421D70B7200A023C8 /* Frameworks */ = {
			isa = PBXFrameworksBuildPhase;
			buildActionMask = 2147483647;
			files = (
			);
			runOnlyForDeploymentPostprocessing = 0;
		};
		7365178821D70B7300A023C8 /* Frameworks */ = {
			isa = PBXFrameworksBuildPhase;
			buildActionMask = 2147483647;
			files = (
			);
			runOnlyForDeploymentPostprocessing = 0;
		};
/* End PBXFrameworksBuildPhase section */

/* Begin PBXGroup section */
		7365176E21D70B7200A023C8 = {
			isa = PBXGroup;
			children = (
				7365177921D70B7200A023C8 /* HealthApp */,
				7365178E21D70B7300A023C8 /* HealthAppTests */,
				7365177821D70B7200A023C8 /* Products */,
			);
			sourceTree = "<group>";
		};
		7365177821D70B7200A023C8 /* Products */ = {
			isa = PBXGroup;
			children = (
				7365177721D70B7200A023C8 /* HealthApp.app */,
				7365178B21D70B7300A023C8 /* HealthAppTests.xctest */,
			);
			name = Products;
			sourceTree = "<group>";
		};
		7365177921D70B7200A023C8 /* HealthApp */ = {
			isa = PBXGroup;
			children = (
				7365177A21D70B7200A023C8 /* AppDelegate.swift */,
				7365179E21D7162000A023C8 /* Utilities */,
				7365179F21D7167900A023C8 /* Mangers */,
				736517A021D7172100A023C8 /* Custom Classes */,
				736517A121D7174400A023C8 /* Storyboards */,
				736517A221D7175400A023C8 /* Screens */,
				736517A321D7176B00A023C8 /* Models */,
				7365178121D70B7300A023C8 /* Assets.xcassets */,
				7365178321D70B7300A023C8 /* LaunchScreen.storyboard */,
				7365178621D70B7300A023C8 /* Info.plist */,
			);
			path = HealthApp;
			sourceTree = "<group>";
		};
		7365178E21D70B7300A023C8 /* HealthAppTests */ = {
			isa = PBXGroup;
			children = (
				7365178F21D70B7300A023C8 /* HealthAppTests.swift */,
				7365179121D70B7300A023C8 /* Info.plist */,
			);
			path = HealthAppTests;
			sourceTree = "<group>";
		};
		7365179E21D7162000A023C8 /* Utilities */ = {
			isa = PBXGroup;
			children = (
				7365179A21D70E6E00A023C8 /* Utilities.swift */,
				736517A421D71DE300A023C8 /* Constants.swift */,
				736517A821D71DFE00A023C8 /* Protocols */,
				736517A921D71E0800A023C8 /* Extensions */,
				7365179C21D7118500A023C8 /* IDETemplateMacros.plist */,
			);
			path = Utilities;
			sourceTree = "<group>";
		};
		7365179F21D7167900A023C8 /* Mangers */ = {
			isa = PBXGroup;
			children = (
				736517AA21D71EC400A023C8 /* NetworkManager.swift */,
				736517AC21D71ECF00A023C8 /* FirebaseManager.swift */,
				736517AE21D71EE300A023C8 /* SessionManager.swift */,
				736517B021D71EEE00A023C8 /* AnalyticsManager.swift */,
				736517B221D71EF700A023C8 /* NotificationsManager.swift */,
			);
			path = Mangers;
			sourceTree = "<group>";
		};
		736517A021D7172100A023C8 /* Custom Classes */ = {
			isa = PBXGroup;
			children = (
			);
			path = "Custom Classes";
			sourceTree = "<group>";
		};
		736517A121D7174400A023C8 /* Storyboards */ = {
			isa = PBXGroup;
			children = (
				736517B421D71F8C00A023C8 /* Splash.storyboard */,
			);
			path = Storyboards;
			sourceTree = "<group>";
		};
		736517A221D7175400A023C8 /* Screens */ = {
			isa = PBXGroup;
			children = (
			);
			path = Screens;
			sourceTree = "<group>";
		};
		736517A321D7176B00A023C8 /* Models */ = {
			isa = PBXGroup;
			children = (
			);
			path = Models;
			sourceTree = "<group>";
		};
		736517A821D71DFE00A023C8 /* Protocols */ = {
			isa = PBXGroup;
			children = (
			);
			path = Protocols;
			sourceTree = "<group>";
		};
		736517A921D71E0800A023C8 /* Extensions */ = {
			isa = PBXGroup;
			children = (
			);
			path = Extensions;
			sourceTree = "<group>";
		};
/* End PBXGroup section */

/* Begin PBXNativeTarget section */
		7365177621D70B7200A023C8 /* HealthApp */ = {
			isa = PBXNativeTarget;
			buildConfigurationList = 7365179421D70B7300A023C8 /* Build configuration list for PBXNativeTarget "HealthApp" */;
			buildPhases = (
				7365177321D70B7200A023C8 /* Sources */,
				7365177421D70B7200A023C8 /* Frameworks */,
				7365177521D70B7200A023C8 /* Resources */,
			);
			buildRules = (
			);
			dependencies = (
			);
			name = HealthApp;
			productName = HealthApp;
			productReference = 7365177721D70B7200A023C8 /* HealthApp.app */;
			productType = "com.apple.product-type.application";
		};
		7365178A21D70B7300A023C8 /* HealthAppTests */ = {
			isa = PBXNativeTarget;
			buildConfigurationList = 7365179721D70B7300A023C8 /* Build configuration list for PBXNativeTarget "HealthAppTests" */;
			buildPhases = (
				7365178721D70B7300A023C8 /* Sources */,
				7365178821D70B7300A023C8 /* Frameworks */,
				7365178921D70B7300A023C8 /* Resources */,
			);
			buildRules = (
			);
			dependencies = (
				7365178D21D70B7300A023C8 /* PBXTargetDependency */,
			);
			name = HealthAppTests;
			productName = HealthAppTests;
			productReference = 7365178B21D70B7300A023C8 /* HealthAppTests.xctest */;
			productType = "com.apple.product-type.bundle.unit-test";
		};
/* End PBXNativeTarget section */

/* Begin PBXProject section */
		7365176F21D70B7200A023C8 /* Project object */ = {
			isa = PBXProject;
			attributes = {
				LastSwiftUpdateCheck = 1010;
				LastUpgradeCheck = 1010;
				ORGANIZATIONNAME = rlukedavis;
				TargetAttributes = {
					7365177621D70B7200A023C8 = {
						CreatedOnToolsVersion = 10.1;
					};
					7365178A21D70B7300A023C8 = {
						CreatedOnToolsVersion = 10.1;
						TestTargetID = 7365177621D70B7200A023C8;
					};
				};
			};
			buildConfigurationList = 7365177221D70B7200A023C8 /* Build configuration list for PBXProject "HealthApp" */;
			compatibilityVersion = "Xcode 9.3";
			developmentRegion = en;
			hasScannedForEncodings = 0;
			knownRegions = (
				en,
				Base,
			);
			mainGroup = 7365176E21D70B7200A023C8;
			productRefGroup = 7365177821D70B7200A023C8 /* Products */;
			projectDirPath = "";
			projectRoot = "";
			targets = (
				7365177621D70B7200A023C8 /* HealthApp */,
				7365178A21D70B7300A023C8 /* HealthAppTests */,
			);
		};
/* End PBXProject section */

/* Begin PBXResourcesBuildPhase section */
		7365177521D70B7200A023C8 /* Resources */ = {
			isa = PBXResourcesBuildPhase;
			buildActionMask = 2147483647;
			files = (
				7365179D21D7118500A023C8 /* IDETemplateMacros.plist in Resources */,
				7365178521D70B7300A023C8 /* LaunchScreen.storyboard in Resources */,
				7365178221D70B7300A023C8 /* Assets.xcassets in Resources */,
				736517B521D71F8C00A023C8 /* Splash.storyboard in Resources */,
			);
			runOnlyForDeploymentPostprocessing = 0;
		};
		7365178921D70B7300A023C8 /* Resources */ = {
			isa = PBXResourcesBuildPhase;
			buildActionMask = 2147483647;
			files = (
			);
			runOnlyForDeploymentPostprocessing = 0;
		};
/* End PBXResourcesBuildPhase section */

/* Begin PBXSourcesBuildPhase section */
		7365177321D70B7200A023C8 /* Sources */ = {
			isa = PBXSourcesBuildPhase;
			buildActionMask = 2147483647;
			files = (
				7365179B21D70E6E00A023C8 /* Utilities.swift in Sources */,
				736517B121D71EEE00A023C8 /* AnalyticsManager.swift in Sources */,
				736517B321D71EF700A023C8 /* NotificationsManager.swift in Sources */,
				7365177B21D70B7200A023C8 /* AppDelegate.swift in Sources */,
				736517AF21D71EE300A023C8 /* SessionManager.swift in Sources */,
				736517AD21D71ECF00A023C8 /* FirebaseManager.swift in Sources */,
				736517AB21D71EC400A023C8 /* NetworkManager.swift in Sources */,
				736517A521D71DE300A023C8 /* Constants.swift in Sources */,
			);
			runOnlyForDeploymentPostprocessing = 0;
		};
		7365178721D70B7300A023C8 /* Sources */ = {
			isa = PBXSourcesBuildPhase;
			buildActionMask = 2147483647;
			files = (
				7365179021D70B7300A023C8 /* HealthAppTests.swift in Sources */,
			);
			runOnlyForDeploymentPostprocessing = 0;
		};
/* End PBXSourcesBuildPhase section */

/* Begin PBXTargetDependency section */
		7365178D21D70B7300A023C8 /* PBXTargetDependency */ = {
			isa = PBXTargetDependency;
			target = 7365177621D70B7200A023C8 /* HealthApp */;
			targetProxy = 7365178C21D70B7300A023C8 /* PBXContainerItemProxy */;
		};
/* End PBXTargetDependency section */

/* Begin PBXVariantGroup section */
		7365178321D70B7300A023C8 /* LaunchScreen.storyboard */ = {
			isa = PBXVariantGroup;
			children = (
				7365178421D70B7300A023C8 /* Base */,
			);
			name = LaunchScreen.storyboard;
			sourceTree = "<group>";
		};
/* End PBXVariantGroup section */

/* Begin XCBuildConfiguration section */
		7365179221D70B7300A023C8 /* Debug */ = {
			isa = XCBuildConfiguration;
			buildSettings = {
				ALWAYS_SEARCH_USER_PATHS = NO;
				CLANG_ANALYZER_NONNULL = YES;
				CLANG_ANALYZER_NUMBER_OBJECT_CONVERSION = YES_AGGRESSIVE;
				CLANG_CXX_LANGUAGE_STANDARD = "gnu++14";
				CLANG_CXX_LIBRARY = "libc++";
				CLANG_ENABLE_MODULES = YES;
				CLANG_ENABLE_OBJC_ARC = YES;
				CLANG_ENABLE_OBJC_WEAK = YES;
				CLANG_WARN_BLOCK_CAPTURE_AUTORELEASING = YES;
				CLANG_WARN_BOOL_CONVERSION = YES;
				CLANG_WARN_COMMA = YES;
				CLANG_WARN_CONSTANT_CONVERSION = YES;
				CLANG_WARN_DEPRECATED_OBJC_IMPLEMENTATIONS = YES;
				CLANG_WARN_DIRECT_OBJC_ISA_USAGE = YES_ERROR;
				CLANG_WARN_DOCUMENTATION_COMMENTS = YES;
				CLANG_WARN_EMPTY_BODY = YES;
				CLANG_WARN_ENUM_CONVERSION = YES;
				CLANG_WARN_INFINITE_RECURSION = YES;
				CLANG_WARN_INT_CONVERSION = YES;
				CLANG_WARN_NON_LITERAL_NULL_CONVERSION = YES;
				CLANG_WARN_OBJC_IMPLICIT_RETAIN_SELF = YES;
				CLANG_WARN_OBJC_LITERAL_CONVERSION = YES;
				CLANG_WARN_OBJC_ROOT_CLASS = YES_ERROR;
				CLANG_WARN_RANGE_LOOP_ANALYSIS = YES;
				CLANG_WARN_STRICT_PROTOTYPES = YES;
				CLANG_WARN_SUSPICIOUS_MOVE = YES;
				CLANG_WARN_UNGUARDED_AVAILABILITY = YES_AGGRESSIVE;
				CLANG_WARN_UNREACHABLE_CODE = YES;
				CLANG_WARN__DUPLICATE_METHOD_MATCH = YES;
				CODE_SIGN_IDENTITY = "iPhone Developer";
				COPY_PHASE_STRIP = NO;
				DEBUG_INFORMATION_FORMAT = dwarf;
				ENABLE_STRICT_OBJC_MSGSEND = YES;
				ENABLE_TESTABILITY = YES;
				GCC_C_LANGUAGE_STANDARD = gnu11;
				GCC_DYNAMIC_NO_PIC = NO;
				GCC_NO_COMMON_BLOCKS = YES;
				GCC_OPTIMIZATION_LEVEL = 0;
				GCC_PREPROCESSOR_DEFINITIONS = (
					"DEBUG=1",
					"$(inherited)",
				);
				GCC_WARN_64_TO_32_BIT_CONVERSION = YES;
				GCC_WARN_ABOUT_RETURN_TYPE = YES_ERROR;
				GCC_WARN_UNDECLARED_SELECTOR = YES;
				GCC_WARN_UNINITIALIZED_AUTOS = YES_AGGRESSIVE;
				GCC_WARN_UNUSED_FUNCTION = YES;
				GCC_WARN_UNUSED_VARIABLE = YES;
				IPHONEOS_DEPLOYMENT_TARGET = 12.1;
				MTL_ENABLE_DEBUG_INFO = INCLUDE_SOURCE;
				MTL_FAST_MATH = YES;
				ONLY_ACTIVE_ARCH = YES;
				SDKROOT = iphoneos;
				SWIFT_ACTIVE_COMPILATION_CONDITIONS = DEBUG;
				SWIFT_OPTIMIZATION_LEVEL = "-Onone";
			};
			name = Debug;
		};
		7365179321D70B7300A023C8 /* Release */ = {
			isa = XCBuildConfiguration;
			buildSettings = {
				ALWAYS_SEARCH_USER_PATHS = NO;
				CLANG_ANALYZER_NONNULL = YES;
				CLANG_ANALYZER_NUMBER_OBJECT_CONVERSION = YES_AGGRESSIVE;
				CLANG_CXX_LANGUAGE_STANDARD = "gnu++14";
				CLANG_CXX_LIBRARY = "libc++";
				CLANG_ENABLE_MODULES = YES;
				CLANG_ENABLE_OBJC_ARC = YES;
				CLANG_ENABLE_OBJC_WEAK = YES;
				CLANG_WARN_BLOCK_CAPTURE_AUTORELEASING = YES;
				CLANG_WARN_BOOL_CONVERSION = YES;
				CLANG_WARN_COMMA = YES;
				CLANG_WARN_CONSTANT_CONVERSION = YES;
				CLANG_WARN_DEPRECATED_OBJC_IMPLEMENTATIONS = YES;
				CLANG_WARN_DIRECT_OBJC_ISA_USAGE = YES_ERROR;
				CLANG_WARN_DOCUMENTATION_COMMENTS = YES;
				CLANG_WARN_EMPTY_BODY = YES;
				CLANG_WARN_ENUM_CONVERSION = YES;
				CLANG_WARN_INFINITE_RECURSION = YES;
				CLANG_WARN_INT_CONVERSION = YES;
				CLANG_WARN_NON_LITERAL_NULL_CONVERSION = YES;
				CLANG_WARN_OBJC_IMPLICIT_RETAIN_SELF = YES;
				CLANG_WARN_OBJC_LITERAL_CONVERSION = YES;
				CLANG_WARN_OBJC_ROOT_CLASS = YES_ERROR;
				CLANG_WARN_RANGE_LOOP_ANALYSIS = YES;
				CLANG_WARN_STRICT_PROTOTYPES = YES;
				CLANG_WARN_SUSPICIOUS_MOVE = YES;
				CLANG_WARN_UNGUARDED_AVAILABILITY = YES_AGGRESSIVE;
				CLANG_WARN_UNREACHABLE_CODE = YES;
				CLANG_WARN__DUPLICATE_METHOD_MATCH = YES;
				CODE_SIGN_IDENTITY = "iPhone Developer";
				COPY_PHASE_STRIP = NO;
				DEBUG_INFORMATION_FORMAT = "dwarf-with-dsym";
				ENABLE_NS_ASSERTIONS = NO;
				ENABLE_STRICT_OBJC_MSGSEND = YES;
				GCC_C_LANGUAGE_STANDARD = gnu11;
				GCC_NO_COMMON_BLOCKS = YES;
				GCC_WARN_64_TO_32_BIT_CONVERSION = YES;
				GCC_WARN_ABOUT_RETURN_TYPE = YES_ERROR;
				GCC_WARN_UNDECLARED_SELECTOR = YES;
				GCC_WARN_UNINITIALIZED_AUTOS = YES_AGGRESSIVE;
				GCC_WARN_UNUSED_FUNCTION = YES;
				GCC_WARN_UNUSED_VARIABLE = YES;
				IPHONEOS_DEPLOYMENT_TARGET = 12.1;
				MTL_ENABLE_DEBUG_INFO = NO;
				MTL_FAST_MATH = YES;
				SDKROOT = iphoneos;
				SWIFT_COMPILATION_MODE = wholemodule;
				SWIFT_OPTIMIZATION_LEVEL = "-O";
				VALIDATE_PRODUCT = YES;
			};
			name = Release;
		};
		7365179521D70B7300A023C8 /* Debug */ = {
			isa = XCBuildConfiguration;
			buildSettings = {
				ASSETCATALOG_COMPILER_APPICON_NAME = AppIcon;
				CODE_SIGN_STYLE = Automatic;
				DEVELOPMENT_TEAM = 43B4T95J9S;
				INFOPLIST_FILE = HealthApp/Info.plist;
				LD_RUNPATH_SEARCH_PATHS = (
					"$(inherited)",
					"@executable_path/Frameworks",
				);
				PRODUCT_BUNDLE_IDENTIFIER = com.rlukedavis.HealthApp;
				PRODUCT_NAME = "$(TARGET_NAME)";
				SWIFT_VERSION = 4.2;
				TARGETED_DEVICE_FAMILY = "1,2";
			};
			name = Debug;
		};
		7365179621D70B7300A023C8 /* Release */ = {
			isa = XCBuildConfiguration;
			buildSettings = {
				ASSETCATALOG_COMPILER_APPICON_NAME = AppIcon;
				CODE_SIGN_STYLE = Automatic;
				DEVELOPMENT_TEAM = 43B4T95J9S;
				INFOPLIST_FILE = HealthApp/Info.plist;
				LD_RUNPATH_SEARCH_PATHS = (
					"$(inherited)",
					"@executable_path/Frameworks",
				);
				PRODUCT_BUNDLE_IDENTIFIER = com.rlukedavis.HealthApp;
				PRODUCT_NAME = "$(TARGET_NAME)";
				SWIFT_VERSION = 4.2;
				TARGETED_DEVICE_FAMILY = "1,2";
			};
			name = Release;
		};
		7365179821D70B7300A023C8 /* Debug */ = {
			isa = XCBuildConfiguration;
			buildSettings = {
				ALWAYS_EMBED_SWIFT_STANDARD_LIBRARIES = YES;
				BUNDLE_LOADER = "$(TEST_HOST)";
				CODE_SIGN_STYLE = Automatic;
				DEVELOPMENT_TEAM = 43B4T95J9S;
				INFOPLIST_FILE = HealthAppTests/Info.plist;
				LD_RUNPATH_SEARCH_PATHS = (
					"$(inherited)",
					"@executable_path/Frameworks",
					"@loader_path/Frameworks",
				);
				PRODUCT_BUNDLE_IDENTIFIER = com.rlukedavis.HealthAppTests;
				PRODUCT_NAME = "$(TARGET_NAME)";
				SWIFT_VERSION = 4.2;
				TARGETED_DEVICE_FAMILY = "1,2";
				TEST_HOST = "$(BUILT_PRODUCTS_DIR)/HealthApp.app/HealthApp";
			};
			name = Debug;
		};
		7365179921D70B7300A023C8 /* Release */ = {
			isa = XCBuildConfiguration;
			buildSettings = {
				ALWAYS_EMBED_SWIFT_STANDARD_LIBRARIES = YES;
				BUNDLE_LOADER = "$(TEST_HOST)";
				CODE_SIGN_STYLE = Automatic;
				DEVELOPMENT_TEAM = 43B4T95J9S;
				INFOPLIST_FILE = HealthAppTests/Info.plist;
				LD_RUNPATH_SEARCH_PATHS = (
					"$(inherited)",
					"@executable_path/Frameworks",
					"@loader_path/Frameworks",
				);
				PRODUCT_BUNDLE_IDENTIFIER = com.rlukedavis.HealthAppTests;
				PRODUCT_NAME = "$(TARGET_NAME)";
				SWIFT_VERSION = 4.2;
				TARGETED_DEVICE_FAMILY = "1,2";
				TEST_HOST = "$(BUILT_PRODUCTS_DIR)/HealthApp.app/HealthApp";
			};
			name = Release;
		};
/* End XCBuildConfiguration section */

/* Begin XCConfigurationList section */
		7365177221D70B7200A023C8 /* Build configuration list for PBXProject "HealthApp" */ = {
			isa = XCConfigurationList;
			buildConfigurations = (
				7365179221D70B7300A023C8 /* Debug */,
				7365179321D70B7300A023C8 /* Release */,
			);
			defaultConfigurationIsVisible = 0;
			defaultConfigurationName = Release;
		};
		7365179421D70B7300A023C8 /* Build configuration list for PBXNativeTarget "HealthApp" */ = {
			isa = XCConfigurationList;
			buildConfigurations = (
				7365179521D70B7300A023C8 /* Debug */,
				7365179621D70B7300A023C8 /* Release */,
			);
			defaultConfigurationIsVisible = 0;
			defaultConfigurationName = Release;
		};
		7365179721D70B7300A023C8 /* Build configuration list for PBXNativeTarget "HealthAppTests" */ = {
			isa = XCConfigurationList;
			buildConfigurations = (
				7365179821D70B7300A023C8 /* Debug */,
				7365179921D70B7300A023C8 /* Release */,
			);
			defaultConfigurationIsVisible = 0;
			defaultConfigurationName = Release;
		};
/* End XCConfigurationList section */
	};
	rootObject = 7365176F21D70B7200A023C8 /* Project object */;
}
